
Microsoft Visual Studio Solution File, Format Version 12.00
# Visual Studio Version 16
VisualStudioVersion = 16.0.30804.86
MinimumVisualStudioVersion = 10.0.40219.1
Project("{FAE04EC0-301F-11D3-BF4B-00C04F79EFBC}") = "API.Rest", "API.Rest\API.Rest.csproj", "{17375CF7-93E6-474C-89B9-50746B329AEB}"
EndProject
Global
	GlobalSection(SolutionConfigurationPlatforms) = preSolution
		Debug|Any CPU = Debug|Any CPU
		Release|Any CPU = Release|Any CPU
	EndGlobalSection
	GlobalSection(ProjectConfigurationPlatforms) = postSolution
		{17375CF7-93E6-474C-89B9-50746B329AEB}.Debug|Any CPU.ActiveCfg = Debug|Any CPU
		{17375CF7-93E6-474C-89B9-50746B329AEB}.Debug|Any CPU.Build.0 = Debug|Any CPU
		{17375CF7-93E6-474C-89B9-50746B329AEB}.Release|Any CPU.ActiveCfg = Release|Any CPU
		{17375CF7-93E6-474C-89B9-50746B329AEB}.Release|Any CPU.Build.0 = Release|Any CPU
	EndGlobalSection
	GlobalSection(SolutionProperties) = preSolution
		HideSolutionNode = FALSE
	EndGlobalSection
	GlobalSection(ExtensibilityGlobals) = postSolution
		SolutionGuid = {255539C7-2A0C-46CC-9D71-453DC153E55C}
	EndGlobalSection
EndGlobal
